
Microsoft Visual Studio Solution File, Format Version 12.00
# Visual Studio Version 17
VisualStudioVersion = 17.0.31903.59
MinimumVisualStudioVersion = 10.0.40219.1
Project("{FAE04EC0-301F-11D3-BF4B-00C04F79EFBC}") = "StoreApp", "StoreApp\StoreApp.csproj", "{FE49290C-AE73-4657-8BD1-FDEC7C00DF32}"
EndProject
Project("{FAE04EC0-301F-11D3-BF4B-00C04F79EFBC}") = "Entities", "Entities\Entities.csproj", "{7742139A-8D28-452C-B1C9-1AEA0D0C8759}"
EndProject
Project("{FAE04EC0-301F-11D3-BF4B-00C04F79EFBC}") = "Repositories", "Repositories\Repositories.csproj", "{0ECF0B3F-E672-4A89-8583-40FEC67DFEEE}"
EndProject
Project("{FAE04EC0-301F-11D3-BF4B-00C04F79EFBC}") = "Services", "Services\Services.csproj", "{223B3B0E-C3CC-4D2A-ABF0-C713F71CD583}"
EndProject
Global
	GlobalSection(SolutionConfigurationPlatforms) = preSolution
		Debug|Any CPU = Debug|Any CPU
		Release|Any CPU = Release|Any CPU
	EndGlobalSection
	GlobalSection(SolutionProperties) = preSolution
		HideSolutionNode = FALSE
	EndGlobalSection
	GlobalSection(ProjectConfigurationPlatforms) = postSolution
		{FE49290C-AE73-4657-8BD1-FDEC7C00DF32}.Debug|Any CPU.ActiveCfg = Debug|Any CPU
		{FE49290C-AE73-4657-8BD1-FDEC7C00DF32}.Debug|Any CPU.Build.0 = Debug|Any CPU
		{FE49290C-AE73-4657-8BD1-FDEC7C00DF32}.Release|Any CPU.ActiveCfg = Release|Any CPU
		{FE49290C-AE73-4657-8BD1-FDEC7C00DF32}.Release|Any CPU.Build.0 = Release|Any CPU
		{7742139A-8D28-452C-B1C9-1AEA0D0C8759}.Debug|Any CPU.ActiveCfg = Debug|Any CPU
		{7742139A-8D28-452C-B1C9-1AEA0D0C8759}.Debug|Any CPU.Build.0 = Debug|Any CPU
		{7742139A-8D28-452C-B1C9-1AEA0D0C8759}.Release|Any CPU.ActiveCfg = Release|Any CPU
		{7742139A-8D28-452C-B1C9-1AEA0D0C8759}.Release|Any CPU.Build.0 = Release|Any CPU
		{0ECF0B3F-E672-4A89-8583-40FEC67DFEEE}.Debug|Any CPU.ActiveCfg = Debug|Any CPU
		{0ECF0B3F-E672-4A89-8583-40FEC67DFEEE}.Debug|Any CPU.Build.0 = Debug|Any CPU
		{0ECF0B3F-E672-4A89-8583-40FEC67DFEEE}.Release|Any CPU.ActiveCfg = Release|Any CPU
		{0ECF0B3F-E672-4A89-8583-40FEC67DFEEE}.Release|Any CPU.Build.0 = Release|Any CPU
		{223B3B0E-C3CC-4D2A-ABF0-C713F71CD583}.Debug|Any CPU.ActiveCfg = Debug|Any CPU
		{223B3B0E-C3CC-4D2A-ABF0-C713F71CD583}.Debug|Any CPU.Build.0 = Debug|Any CPU
		{223B3B0E-C3CC-4D2A-ABF0-C713F71CD583}.Release|Any CPU.ActiveCfg = Release|Any CPU
		{223B3B0E-C3CC-4D2A-ABF0-C713F71CD583}.Release|Any CPU.Build.0 = Release|Any CPU
	EndGlobalSection
EndGlobal
